description: 'Mark a feature as blocked'
arguments:
  -
    name: '[<feature>]'
    description: 'Optional explicit feature slug'
options:
  -
    name: '--agent'
    description: 'Developer agent code owning the feature'
examples:
  - 'php scripts/backlog.php feature-block --agent agent-01'
  - 'php scripts/backlog.php feature-block delete-question-reply --agent agent-01'
notes:
  - 'Without an explicit feature argument, resolves the single active feature assigned to the provided agent.'
  - 'If the feature already has a PR, the command updates the PR title to include the blocked marker.'
